
Microsoft Visual Studio Solution File, Format Version 12.00
# Visual Studio Version 16
VisualStudioVersion = 16.0.31624.102
MinimumVisualStudioVersion = 10.0.40219.1
Project("{FAE04EC0-301F-11D3-BF4B-00C04F79EFBC}") = "ExamenT3", "ExamenT3\ExamenT3.csproj", "{9F229ED2-2CBB-4673-BB37-F7B5CB40C5A5}"
EndProject
Global
	GlobalSection(SolutionConfigurationPlatforms) = preSolution
		Debug|Any CPU = Debug|Any CPU
		Release|Any CPU = Release|Any CPU
	EndGlobalSection
	GlobalSection(ProjectConfigurationPlatforms) = postSolution
		{9F229ED2-2CBB-4673-BB37-F7B5CB40C5A5}.Debug|Any CPU.ActiveCfg = Debug|Any CPU
		{9F229ED2-2CBB-4673-BB37-F7B5CB40C5A5}.Debug|Any CPU.Build.0 = Debug|Any CPU
		{9F229ED2-2CBB-4673-BB37-F7B5CB40C5A5}.Release|Any CPU.ActiveCfg = Release|Any CPU
		{9F229ED2-2CBB-4673-BB37-F7B5CB40C5A5}.Release|Any CPU.Build.0 = Release|Any CPU
	EndGlobalSection
	GlobalSection(SolutionProperties) = preSolution
		HideSolutionNode = FALSE
	EndGlobalSection
	GlobalSection(ExtensibilityGlobals) = postSolution
		SolutionGuid = {48788CEB-F48C-46CC-8878-07B7571FFB9B}
	EndGlobalSection
EndGlobal
